<?xml version="1.0" encoding="utf-8"?>
<Project ToolsVersion="4.0" xmlns="http://schemas.microsoft.com/developer/msbuild/2003">
  <ItemGroup>
    <ClCompile Include="WinMain.cpp" />
    <ClCompile Include="SServer_Win64_Precompiled.cpp">
      <Filter>Precompiled</Filter>
    </ClCompile>
  </ItemGroup>
  <ItemGroup>
    <Filter Include="Precompiled">
      <UniqueIdentifier>{8264a5d4-f6d6-451f-acf0-f9757a52ab1b}</UniqueIdentifier>
    </Filter>
  </ItemGroup>
  <ItemGroup>
    <ClInclude Include="SServer_Win64_Precompiled.h">
      <Filter>Precompiled</Filter>
    </ClInclude>
  </ItemGroup>
</Project>