
Microsoft Visual Studio Solution File, Format Version 12.00
# Visual Studio Version 16
VisualStudioVersion = 16.0.28803.452
MinimumVisualStudioVersion = 10.0.40219.1
Project("{2150E333-8FDC-42A3-9474-1A3956D46DE8}") = "Shift_Engine", "Shift_Engine", "{5A6C1F23-2DF2-47CC-A0D9-6FBB98402B7D}"
EndProject
Project("{2150E333-8FDC-42A3-9474-1A3956D46DE8}") = "Shift_Editor", "Shift_Editor", "{71207F49-55CD-45BF-8B70-6C51626F912D}"
EndProject
Project("{2150E333-8FDC-42A3-9474-1A3956D46DE8}") = "Application", "Application", "{255E1D0D-9E5E-4028-9982-4009FEEF9A31}"
EndProject
Project("{2150E333-8FDC-42A3-9474-1A3956D46DE8}") = "Executables", "Executables", "{10872B36-8E39-419F-9960-868A88E84274}"
EndProject
Project("{8BC9CEB8-8B4A-11D0-8D11-00A0C91BC942}") = "SServer_Win64", "SServer_Win64\SServer_Win64.vcxproj", "{24495724-F931-49E8-BFB0-B6A37C0286F5}"
EndProject
Project("{8BC9CEB8-8B4A-11D0-8D11-00A0C91BC942}") = "SClient", "SClient\SClient.vcxproj", "{9E790FDC-C8F1-464F-97B9-3F7A12739507}"
EndProject
Project("{8BC9CEB8-8B4A-11D0-8D11-00A0C91BC942}") = "SClient_Linux", "SClient_Linux\SClient_Linux.vcxproj", "{1A3C494F-3E63-4F59-B684-19FC7DCCF961}"
EndProject
Project("{8BC9CEB8-8B4A-11D0-8D11-00A0C91BC942}") = "SClient_Win64", "SClient_Win64\SClient_Win64.vcxproj", "{A0667A1A-4719-40A9-A9F7-18FAC442A609}"
EndProject
Project("{8BC9CEB8-8B4A-11D0-8D11-00A0C91BC942}") = "SServer", "SServer\SServer.vcxproj", "{7E360CF5-13F6-434F-A563-967445DB13AA}"
EndProject
Project("{8BC9CEB8-8B4A-11D0-8D11-00A0C91BC942}") = "SShared", "SShared\SShared.vcxproj", "{249A2E57-26D7-4E6B-B8F7-1EEE9BE30CF5}"
EndProject
Project("{8BC9CEB8-8B4A-11D0-8D11-00A0C91BC942}") = "SCore", "SCore\SCore.vcxproj", "{7B507F6F-7BED-451A-95A5-46AE5CEE234B}"
EndProject
Project("{8BC9CEB8-8B4A-11D0-8D11-00A0C91BC942}") = "SGraphics", "SGraphics\SGraphics.vcxproj", "{6672C4B8-9C3A-40F4-ABD3-B38AE1381F5F}"
EndProject
Project("{8BC9CEB8-8B4A-11D0-8D11-00A0C91BC942}") = "SEntitySystem", "SEntitySystem\SEntitySystem.vcxproj", "{F4F19CF2-0D6D-45DC-A764-5C14F40704C5}"
EndProject
Project("{8BC9CEB8-8B4A-11D0-8D11-00A0C91BC942}") = "SPhysics", "SPhysics\SPhysics.vcxproj", "{99A6896B-F607-4CC9-BA9F-7D979D55E45A}"
EndProject
Project("{8BC9CEB8-8B4A-11D0-8D11-00A0C91BC942}") = "SRender", "SRender\SRender.vcxproj", "{CCC1EA3C-6E7F-43E2-8012-7698044377C1}"
EndProject
Project("{8BC9CEB8-8B4A-11D0-8D11-00A0C91BC942}") = "STools", "STools\STools.vcxproj", "{DBD053D8-C103-491E-B70E-1EFE1A1F1DD7}"
EndProject
Project("{8BC9CEB8-8B4A-11D0-8D11-00A0C91BC942}") = "SUtilities", "SUtilities\SUtilities.vcxproj", "{BC98ED16-D383-4B81-906D-6C7804A51DA8}"
EndProject
Project("{8BC9CEB8-8B4A-11D0-8D11-00A0C91BC942}") = "SAudio", "SAudio\SAudio.vcxproj", "{5DF2D3C1-5B5A-4715-B020-2E595E707AF6}"
EndProject
Project("{2150E333-8FDC-42A3-9474-1A3956D46DE8}") = "Modules", "Modules", "{268A0B6C-0F78-4E34-891F-356B78398200}"
EndProject
Project("{2150E333-8FDC-42A3-9474-1A3956D46DE8}") = "Core", "Core", "{296D53F7-518B-4494-91DD-112F59537647}"
EndProject
Project("{8BC9CEB8-8B4A-11D0-8D11-00A0C91BC942}") = "SExternal", "SExternal\SExternal.vcxproj", "{4060599E-0CDB-40EE-9575-DCC4262ECFB4}"
EndProject
Project("{8BC9CEB8-8B4A-11D0-8D11-00A0C91BC942}") = "SNetwork", "SNetwork\SNetwork.vcxproj", "{52CAAD0F-327B-4B74-B9A7-A6DEA7C93524}"
EndProject
Project("{8BC9CEB8-8B4A-11D0-8D11-00A0C91BC942}") = "SScript", "SScript\SScript.vcxproj", "{C803B127-85C0-4344-B2B6-AE6BC043BDF7}"
EndProject
Global
	GlobalSection(SolutionConfigurationPlatforms) = preSolution
		Debug|x64 = Debug|x64
		Final|x64 = Final|x64
		Release|x64 = Release|x64
	EndGlobalSection
	GlobalSection(ProjectConfigurationPlatforms) = postSolution
		{24495724-F931-49E8-BFB0-B6A37C0286F5}.Debug|x64.ActiveCfg = Debug|x64
		{24495724-F931-49E8-BFB0-B6A37C0286F5}.Debug|x64.Build.0 = Debug|x64
		{24495724-F931-49E8-BFB0-B6A37C0286F5}.Final|x64.ActiveCfg = Final|x64
		{24495724-F931-49E8-BFB0-B6A37C0286F5}.Final|x64.Build.0 = Final|x64
		{24495724-F931-49E8-BFB0-B6A37C0286F5}.Release|x64.ActiveCfg = Release|x64
		{24495724-F931-49E8-BFB0-B6A37C0286F5}.Release|x64.Build.0 = Release|x64
		{9E790FDC-C8F1-464F-97B9-3F7A12739507}.Debug|x64.ActiveCfg = Debug|x64
		{9E790FDC-C8F1-464F-97B9-3F7A12739507}.Debug|x64.Build.0 = Debug|x64
		{9E790FDC-C8F1-464F-97B9-3F7A12739507}.Final|x64.ActiveCfg = Final|x64
		{9E790FDC-C8F1-464F-97B9-3F7A12739507}.Final|x64.Build.0 = Final|x64
		{9E790FDC-C8F1-464F-97B9-3F7A12739507}.Release|x64.ActiveCfg = Release|x64
		{9E790FDC-C8F1-464F-97B9-3F7A12739507}.Release|x64.Build.0 = Release|x64
		{1A3C494F-3E63-4F59-B684-19FC7DCCF961}.Debug|x64.ActiveCfg = Debug|x64
		{1A3C494F-3E63-4F59-B684-19FC7DCCF961}.Debug|x64.Build.0 = Debug|x64
		{1A3C494F-3E63-4F59-B684-19FC7DCCF961}.Final|x64.ActiveCfg = Final|x64
		{1A3C494F-3E63-4F59-B684-19FC7DCCF961}.Final|x64.Build.0 = Final|x64
		{1A3C494F-3E63-4F59-B684-19FC7DCCF961}.Release|x64.ActiveCfg = Release|x64
		{1A3C494F-3E63-4F59-B684-19FC7DCCF961}.Release|x64.Build.0 = Release|x64
		{A0667A1A-4719-40A9-A9F7-18FAC442A609}.Debug|x64.ActiveCfg = Debug|x64
		{A0667A1A-4719-40A9-A9F7-18FAC442A609}.Debug|x64.Build.0 = Debug|x64
		{A0667A1A-4719-40A9-A9F7-18FAC442A609}.Final|x64.ActiveCfg = Final|x64
		{A0667A1A-4719-40A9-A9F7-18FAC442A609}.Final|x64.Build.0 = Final|x64
		{A0667A1A-4719-40A9-A9F7-18FAC442A609}.Release|x64.ActiveCfg = Release|x64
		{A0667A1A-4719-40A9-A9F7-18FAC442A609}.Release|x64.Build.0 = Release|x64
		{7E360CF5-13F6-434F-A563-967445DB13AA}.Debug|x64.ActiveCfg = Debug|x64
		{7E360CF5-13F6-434F-A563-967445DB13AA}.Debug|x64.Build.0 = Debug|x64
		{7E360CF5-13F6-434F-A563-967445DB13AA}.Final|x64.ActiveCfg = Final|x64
		{7E360CF5-13F6-434F-A563-967445DB13AA}.Final|x64.Build.0 = Final|x64
		{7E360CF5-13F6-434F-A563-967445DB13AA}.Release|x64.ActiveCfg = Release|x64
		{7E360CF5-13F6-434F-A563-967445DB13AA}.Release|x64.Build.0 = Release|x64
		{249A2E57-26D7-4E6B-B8F7-1EEE9BE30CF5}.Debug|x64.ActiveCfg = Debug|x64
		{249A2E57-26D7-4E6B-B8F7-1EEE9BE30CF5}.Debug|x64.Build.0 = Debug|x64
		{249A2E57-26D7-4E6B-B8F7-1EEE9BE30CF5}.Final|x64.ActiveCfg = Final|x64
		{249A2E57-26D7-4E6B-B8F7-1EEE9BE30CF5}.Final|x64.Build.0 = Final|x64
		{249A2E57-26D7-4E6B-B8F7-1EEE9BE30CF5}.Release|x64.ActiveCfg = Release|x64
		{249A2E57-26D7-4E6B-B8F7-1EEE9BE30CF5}.Release|x64.Build.0 = Release|x64
		{7B507F6F-7BED-451A-95A5-46AE5CEE234B}.Debug|x64.ActiveCfg = Debug|x64
		{7B507F6F-7BED-451A-95A5-46AE5CEE234B}.Debug|x64.Build.0 = Debug|x64
		{7B507F6F-7BED-451A-95A5-46AE5CEE234B}.Final|x64.ActiveCfg = Final|x64
		{7B507F6F-7BED-451A-95A5-46AE5CEE234B}.Final|x64.Build.0 = Final|x64
		{7B507F6F-7BED-451A-95A5-46AE5CEE234B}.Release|x64.ActiveCfg = Release|x64
		{7B507F6F-7BED-451A-95A5-46AE5CEE234B}.Release|x64.Build.0 = Release|x64
		{6672C4B8-9C3A-40F4-ABD3-B38AE1381F5F}.Debug|x64.ActiveCfg = Debug|x64
		{6672C4B8-9C3A-40F4-ABD3-B38AE1381F5F}.Debug|x64.Build.0 = Debug|x64
		{6672C4B8-9C3A-40F4-ABD3-B38AE1381F5F}.Final|x64.ActiveCfg = Final|x64
		{6672C4B8-9C3A-40F4-ABD3-B38AE1381F5F}.Final|x64.Build.0 = Final|x64
		{6672C4B8-9C3A-40F4-ABD3-B38AE1381F5F}.Release|x64.ActiveCfg = Release|x64
		{6672C4B8-9C3A-40F4-ABD3-B38AE1381F5F}.Release|x64.Build.0 = Release|x64
		{F4F19CF2-0D6D-45DC-A764-5C14F40704C5}.Debug|x64.ActiveCfg = Debug|x64
		{F4F19CF2-0D6D-45DC-A764-5C14F40704C5}.Debug|x64.Build.0 = Debug|x64
		{F4F19CF2-0D6D-45DC-A764-5C14F40704C5}.Final|x64.ActiveCfg = Final|x64
		{F4F19CF2-0D6D-45DC-A764-5C14F40704C5}.Final|x64.Build.0 = Final|x64
		{F4F19CF2-0D6D-45DC-A764-5C14F40704C5}.Release|x64.ActiveCfg = Release|x64
		{F4F19CF2-0D6D-45DC-A764-5C14F40704C5}.Release|x64.Build.0 = Release|x64
		{99A6896B-F607-4CC9-BA9F-7D979D55E45A}.Debug|x64.ActiveCfg = Debug|x64
		{99A6896B-F607-4CC9-BA9F-7D979D55E45A}.Debug|x64.Build.0 = Debug|x64
		{99A6896B-F607-4CC9-BA9F-7D979D55E45A}.Final|x64.ActiveCfg = Final|x64
		{99A6896B-F607-4CC9-BA9F-7D979D55E45A}.Final|x64.Build.0 = Final|x64
		{99A6896B-F607-4CC9-BA9F-7D979D55E45A}.Release|x64.ActiveCfg = Release|x64
		{99A6896B-F607-4CC9-BA9F-7D979D55E45A}.Release|x64.Build.0 = Release|x64
		{CCC1EA3C-6E7F-43E2-8012-7698044377C1}.Debug|x64.ActiveCfg = Debug|x64
		{CCC1EA3C-6E7F-43E2-8012-7698044377C1}.Debug|x64.Build.0 = Debug|x64
		{CCC1EA3C-6E7F-43E2-8012-7698044377C1}.Final|x64.ActiveCfg = Final|x64
		{CCC1EA3C-6E7F-43E2-8012-7698044377C1}.Final|x64.Build.0 = Final|x64
		{CCC1EA3C-6E7F-43E2-8012-7698044377C1}.Release|x64.ActiveCfg = Release|x64
		{CCC1EA3C-6E7F-43E2-8012-7698044377C1}.Release|x64.Build.0 = Release|x64
		{DBD053D8-C103-491E-B70E-1EFE1A1F1DD7}.Debug|x64.ActiveCfg = Debug|x64
		{DBD053D8-C103-491E-B70E-1EFE1A1F1DD7}.Debug|x64.Build.0 = Debug|x64
		{DBD053D8-C103-491E-B70E-1EFE1A1F1DD7}.Final|x64.ActiveCfg = Final|x64
		{DBD053D8-C103-491E-B70E-1EFE1A1F1DD7}.Final|x64.Build.0 = Final|x64
		{DBD053D8-C103-491E-B70E-1EFE1A1F1DD7}.Release|x64.ActiveCfg = Release|x64
		{DBD053D8-C103-491E-B70E-1EFE1A1F1DD7}.Release|x64.Build.0 = Release|x64
		{BC98ED16-D383-4B81-906D-6C7804A51DA8}.Debug|x64.ActiveCfg = Debug|x64
		{BC98ED16-D383-4B81-906D-6C7804A51DA8}.Debug|x64.Build.0 = Debug|x64
		{BC98ED16-D383-4B81-906D-6C7804A51DA8}.Final|x64.ActiveCfg = Final|x64
		{BC98ED16-D383-4B81-906D-6C7804A51DA8}.Final|x64.Build.0 = Final|x64
		{BC98ED16-D383-4B81-906D-6C7804A51DA8}.Release|x64.ActiveCfg = Release|x64
		{BC98ED16-D383-4B81-906D-6C7804A51DA8}.Release|x64.Build.0 = Release|x64
		{5DF2D3C1-5B5A-4715-B020-2E595E707AF6}.Debug|x64.ActiveCfg = Debug|x64
		{5DF2D3C1-5B5A-4715-B020-2E595E707AF6}.Debug|x64.Build.0 = Debug|x64
		{5DF2D3C1-5B5A-4715-B020-2E595E707AF6}.Final|x64.ActiveCfg = Final|x64
		{5DF2D3C1-5B5A-4715-B020-2E595E707AF6}.Final|x64.Build.0 = Final|x64
		{5DF2D3C1-5B5A-4715-B020-2E595E707AF6}.Release|x64.ActiveCfg = Release|x64
		{5DF2D3C1-5B5A-4715-B020-2E595E707AF6}.Release|x64.Build.0 = Release|x64
		{4060599E-0CDB-40EE-9575-DCC4262ECFB4}.Debug|x64.ActiveCfg = Debug|x64
		{4060599E-0CDB-40EE-9575-DCC4262ECFB4}.Debug|x64.Build.0 = Debug|x64
		{4060599E-0CDB-40EE-9575-DCC4262ECFB4}.Final|x64.ActiveCfg = Final|x64
		{4060599E-0CDB-40EE-9575-DCC4262ECFB4}.Final|x64.Build.0 = Final|x64
		{4060599E-0CDB-40EE-9575-DCC4262ECFB4}.Release|x64.ActiveCfg = Release|x64
		{4060599E-0CDB-40EE-9575-DCC4262ECFB4}.Release|x64.Build.0 = Release|x64
		{52CAAD0F-327B-4B74-B9A7-A6DEA7C93524}.Debug|x64.ActiveCfg = Debug|x64
		{52CAAD0F-327B-4B74-B9A7-A6DEA7C93524}.Debug|x64.Build.0 = Debug|x64
		{52CAAD0F-327B-4B74-B9A7-A6DEA7C93524}.Final|x64.ActiveCfg = Final|x64
		{52CAAD0F-327B-4B74-B9A7-A6DEA7C93524}.Final|x64.Build.0 = Final|x64
		{52CAAD0F-327B-4B74-B9A7-A6DEA7C93524}.Release|x64.ActiveCfg = Release|x64
		{52CAAD0F-327B-4B74-B9A7-A6DEA7C93524}.Release|x64.Build.0 = Release|x64
		{C803B127-85C0-4344-B2B6-AE6BC043BDF7}.Debug|x64.ActiveCfg = Debug|x64
		{C803B127-85C0-4344-B2B6-AE6BC043BDF7}.Debug|x64.Build.0 = Debug|x64
		{C803B127-85C0-4344-B2B6-AE6BC043BDF7}.Final|x64.ActiveCfg = Final|x64
		{C803B127-85C0-4344-B2B6-AE6BC043BDF7}.Final|x64.Build.0 = Final|x64
		{C803B127-85C0-4344-B2B6-AE6BC043BDF7}.Release|x64.ActiveCfg = Release|x64
		{C803B127-85C0-4344-B2B6-AE6BC043BDF7}.Release|x64.Build.0 = Release|x64
	EndGlobalSection
	GlobalSection(SolutionProperties) = preSolution
		HideSolutionNode = FALSE
	EndGlobalSection
	GlobalSection(NestedProjects) = preSolution
		{24495724-F931-49E8-BFB0-B6A37C0286F5} = {10872B36-8E39-419F-9960-868A88E84274}
		{9E790FDC-C8F1-464F-97B9-3F7A12739507} = {255E1D0D-9E5E-4028-9982-4009FEEF9A31}
		{1A3C494F-3E63-4F59-B684-19FC7DCCF961} = {10872B36-8E39-419F-9960-868A88E84274}
		{A0667A1A-4719-40A9-A9F7-18FAC442A609} = {10872B36-8E39-419F-9960-868A88E84274}
		{7E360CF5-13F6-434F-A563-967445DB13AA} = {255E1D0D-9E5E-4028-9982-4009FEEF9A31}
		{249A2E57-26D7-4E6B-B8F7-1EEE9BE30CF5} = {255E1D0D-9E5E-4028-9982-4009FEEF9A31}
		{7B507F6F-7BED-451A-95A5-46AE5CEE234B} = {296D53F7-518B-4494-91DD-112F59537647}
		{6672C4B8-9C3A-40F4-ABD3-B38AE1381F5F} = {268A0B6C-0F78-4E34-891F-356B78398200}
		{F4F19CF2-0D6D-45DC-A764-5C14F40704C5} = {268A0B6C-0F78-4E34-891F-356B78398200}
		{99A6896B-F607-4CC9-BA9F-7D979D55E45A} = {268A0B6C-0F78-4E34-891F-356B78398200}
		{CCC1EA3C-6E7F-43E2-8012-7698044377C1} = {296D53F7-518B-4494-91DD-112F59537647}
		{DBD053D8-C103-491E-B70E-1EFE1A1F1DD7} = {71207F49-55CD-45BF-8B70-6C51626F912D}
		{BC98ED16-D383-4B81-906D-6C7804A51DA8} = {296D53F7-518B-4494-91DD-112F59537647}
		{5DF2D3C1-5B5A-4715-B020-2E595E707AF6} = {268A0B6C-0F78-4E34-891F-356B78398200}
		{268A0B6C-0F78-4E34-891F-356B78398200} = {5A6C1F23-2DF2-47CC-A0D9-6FBB98402B7D}
		{296D53F7-518B-4494-91DD-112F59537647} = {5A6C1F23-2DF2-47CC-A0D9-6FBB98402B7D}
		{4060599E-0CDB-40EE-9575-DCC4262ECFB4} = {5A6C1F23-2DF2-47CC-A0D9-6FBB98402B7D}
		{52CAAD0F-327B-4B74-B9A7-A6DEA7C93524} = {296D53F7-518B-4494-91DD-112F59537647}
		{C803B127-85C0-4344-B2B6-AE6BC043BDF7} = {268A0B6C-0F78-4E34-891F-356B78398200}
	EndGlobalSection
	GlobalSection(ExtensibilityGlobals) = postSolution
		SolutionGuid = {895303A2-9752-4C63-986D-87780E94DD0E}
	EndGlobalSection
EndGlobal
